{
  "name": "nelify-project",
  "version": "1.0.0",
  "lockfileVersion": 3,
  "requires": true,
  "packages": {
    "": {
      "name": "nelify-project",
      "version": "1.0.0",
      "license": "ISC",
      "dependencies": {
        "consolloghej": "^1.0.1",
        "consolloghejda": "^1.0.0"
      }
    },
    "node_modules/consolloghej": {
      "version": "1.0.1",
      "resolved": "https://registry.npmjs.org/consolloghej/-/consolloghej-1.0.1.tgz",
      "integrity": "sha512-+nVFBK2dawciHLnH4Bl2fpaVBCEyBQa95ni77d8WogDIwMRgd4HwM+/bHWTqlL77UD3AoGriDMSBliLQR7FdqA=="
    },
    "node_modules/consolloghejda": {
      "version": "1.0.0",
      "resolved": "https://registry.npmjs.org/consolloghejda/-/consolloghejda-1.0.0.tgz",
      "integrity": "sha512-yTon8X9/5Y27dNxKLq93wyHSjetdJrH4FJ/FWSww/s7mJv4bniNNfUfb9Nd4YmcLO8T0+bvfaPSVGfDnEhgysw==",
      "dependencies": {
        "consolloghej": "^1.0.0"
      }
    }
  }
}
